
Microsoft Visual Studio Solution File, Format Version 12.00
# Visual Studio Version 16
VisualStudioVersion = 16.0.29403.142
MinimumVisualStudioVersion = 10.0.40219.1
Project("{FAE04EC0-301F-11D3-BF4B-00C04F79EFBC}") = "Task_3", "Task_3\Task_3.csproj", "{7746D0A1-3ABF-4590-A57E-AC64A2A120CE}"
EndProject
Global
	GlobalSection(SolutionConfigurationPlatforms) = preSolution
		Debug|Any CPU = Debug|Any CPU
		Release|Any CPU = Release|Any CPU
	EndGlobalSection
	GlobalSection(ProjectConfigurationPlatforms) = postSolution
		{7746D0A1-3ABF-4590-A57E-AC64A2A120CE}.Debug|Any CPU.ActiveCfg = Debug|Any CPU
		{7746D0A1-3ABF-4590-A57E-AC64A2A120CE}.Debug|Any CPU.Build.0 = Debug|Any CPU
		{7746D0A1-3ABF-4590-A57E-AC64A2A120CE}.Release|Any CPU.ActiveCfg = Release|Any CPU
		{7746D0A1-3ABF-4590-A57E-AC64A2A120CE}.Release|Any CPU.Build.0 = Release|Any CPU
	EndGlobalSection
	GlobalSection(SolutionProperties) = preSolution
		HideSolutionNode = FALSE
	EndGlobalSection
	GlobalSection(ExtensibilityGlobals) = postSolution
		SolutionGuid = {5E3F4823-79FB-447F-88DD-F9EB0D2B6F53}
	EndGlobalSection
EndGlobal
