
Microsoft Visual Studio Solution File, Format Version 12.00
# Visual Studio Version 16
VisualStudioVersion = 16.0.29324.140
MinimumVisualStudioVersion = 10.0.40219.1
Project("{FAE04EC0-301F-11D3-BF4B-00C04F79EFBC}") = "Module1_1", "Module1_1\Module1_1.csproj", "{85857AA4-9A23-4FE4-AF92-6400B1D7220B}"
EndProject
Global
	GlobalSection(SolutionConfigurationPlatforms) = preSolution
		Debug|Any CPU = Debug|Any CPU
		Release|Any CPU = Release|Any CPU
	EndGlobalSection
	GlobalSection(ProjectConfigurationPlatforms) = postSolution
		{85857AA4-9A23-4FE4-AF92-6400B1D7220B}.Debug|Any CPU.ActiveCfg = Debug|Any CPU
		{85857AA4-9A23-4FE4-AF92-6400B1D7220B}.Debug|Any CPU.Build.0 = Debug|Any CPU
		{85857AA4-9A23-4FE4-AF92-6400B1D7220B}.Release|Any CPU.ActiveCfg = Release|Any CPU
		{85857AA4-9A23-4FE4-AF92-6400B1D7220B}.Release|Any CPU.Build.0 = Release|Any CPU
	EndGlobalSection
	GlobalSection(SolutionProperties) = preSolution
		HideSolutionNode = FALSE
	EndGlobalSection
	GlobalSection(ExtensibilityGlobals) = postSolution
		SolutionGuid = {09F069A5-0AC8-4B73-85C4-E186F514F3B9}
	EndGlobalSection
EndGlobal
