
Microsoft Visual Studio Solution File, Format Version 12.00
# Visual Studio Version 16
VisualStudioVersion = 16.0.29403.142
MinimumVisualStudioVersion = 10.0.40219.1
Project("{FAE04EC0-301F-11D3-BF4B-00C04F79EFBC}") = "Task_4", "Task_4\Task_4.csproj", "{AD3059EA-C18E-4AEB-84A4-876E953403A5}"
EndProject
Global
	GlobalSection(SolutionConfigurationPlatforms) = preSolution
		Debug|Any CPU = Debug|Any CPU
		Release|Any CPU = Release|Any CPU
	EndGlobalSection
	GlobalSection(ProjectConfigurationPlatforms) = postSolution
		{AD3059EA-C18E-4AEB-84A4-876E953403A5}.Debug|Any CPU.ActiveCfg = Debug|Any CPU
		{AD3059EA-C18E-4AEB-84A4-876E953403A5}.Debug|Any CPU.Build.0 = Debug|Any CPU
		{AD3059EA-C18E-4AEB-84A4-876E953403A5}.Release|Any CPU.ActiveCfg = Release|Any CPU
		{AD3059EA-C18E-4AEB-84A4-876E953403A5}.Release|Any CPU.Build.0 = Release|Any CPU
	EndGlobalSection
	GlobalSection(SolutionProperties) = preSolution
		HideSolutionNode = FALSE
	EndGlobalSection
	GlobalSection(ExtensibilityGlobals) = postSolution
		SolutionGuid = {AE23F808-95A1-4AEA-BB70-6CFDC4E77154}
	EndGlobalSection
EndGlobal
