
Microsoft Visual Studio Solution File, Format Version 12.00
# Visual Studio Version 16
VisualStudioVersion = 16.0.29403.142
MinimumVisualStudioVersion = 10.0.40219.1
Project("{FAE04EC0-301F-11D3-BF4B-00C04F79EFBC}") = "Module5_1", "Module5_1\Module5_1.csproj", "{62DE241E-6C75-4E95-B347-E80FBF85C2FC}"
EndProject
Global
	GlobalSection(SolutionConfigurationPlatforms) = preSolution
		Debug|Any CPU = Debug|Any CPU
		Release|Any CPU = Release|Any CPU
	EndGlobalSection
	GlobalSection(ProjectConfigurationPlatforms) = postSolution
		{62DE241E-6C75-4E95-B347-E80FBF85C2FC}.Debug|Any CPU.ActiveCfg = Debug|Any CPU
		{62DE241E-6C75-4E95-B347-E80FBF85C2FC}.Debug|Any CPU.Build.0 = Debug|Any CPU
		{62DE241E-6C75-4E95-B347-E80FBF85C2FC}.Release|Any CPU.ActiveCfg = Release|Any CPU
		{62DE241E-6C75-4E95-B347-E80FBF85C2FC}.Release|Any CPU.Build.0 = Release|Any CPU
	EndGlobalSection
	GlobalSection(SolutionProperties) = preSolution
		HideSolutionNode = FALSE
	EndGlobalSection
	GlobalSection(ExtensibilityGlobals) = postSolution
		SolutionGuid = {E83FA9BF-2596-49E7-AA41-B263713F4546}
	EndGlobalSection
EndGlobal
